// !$*UTF8*$!
{
	archiveVersion = 1;
	classes = {
	};
	objectVersion = 56;
	objects = {

/* Begin PBXBuildFile section */
		E968FF752B7A918E00B2AAA8 /* Genre.swift in Sources */ = {isa = PBXBuildFile; fileRef = E968FF742B7A918E00B2AAA8 /* Genre.swift */; };
		E9D05B572B7A2073000D767F /* AppDelegate.swift in Sources */ = {isa = PBXBuildFile; fileRef = E9D05B562B7A2073000D767F /* AppDelegate.swift */; };
		E9D05B592B7A2073000D767F /* SceneDelegate.swift in Sources */ = {isa = PBXBuildFile; fileRef = E9D05B582B7A2073000D767F /* SceneDelegate.swift */; };
		E9D05B5B2B7A2073000D767F /* ViewController.swift in Sources */ = {isa = PBXBuildFile; fileRef = E9D05B5A2B7A2073000D767F /* ViewController.swift */; };
		E9D05B602B7A2075000D767F /* Assets.xcassets in Resources */ = {isa = PBXBuildFile; fileRef = E9D05B5F2B7A2075000D767F /* Assets.xcassets */; };
		E9D05B632B7A2075000D767F /* LaunchScreen.storyboard in Resources */ = {isa = PBXBuildFile; fileRef = E9D05B612B7A2075000D767F /* LaunchScreen.storyboard */; };
		E9D05B7A2B7A421D000D767F /* DashboardViewController.xib in Resources */ = {isa = PBXBuildFile; fileRef = E9D05B782B7A421D000D767F /* DashboardViewController.xib */; };
		E9D05BD52B7A7655000D767F /* DashboardInterfaces.swift in Sources */ = {isa = PBXBuildFile; fileRef = E9D05BCF2B7A7655000D767F /* DashboardInterfaces.swift */; };
		E9D05BD62B7A7655000D767F /* DashboardPresenter.swift in Sources */ = {isa = PBXBuildFile; fileRef = E9D05BD02B7A7655000D767F /* DashboardPresenter.swift */; };
		E9D05BD72B7A7655000D767F /* DashboardViewController.swift in Sources */ = {isa = PBXBuildFile; fileRef = E9D05BD12B7A7655000D767F /* DashboardViewController.swift */; };
		E9D05BD82B7A7655000D767F /* DashboardInteractor.swift in Sources */ = {isa = PBXBuildFile; fileRef = E9D05BD22B7A7655000D767F /* DashboardInteractor.swift */; };
		E9D05BDA2B7A7655000D767F /* DashboardWireframe.swift in Sources */ = {isa = PBXBuildFile; fileRef = E9D05BD42B7A7655000D767F /* DashboardWireframe.swift */; };
		E9D05BE12B7A779F000D767F /* GenreInterfaces.swift in Sources */ = {isa = PBXBuildFile; fileRef = E9D05BDB2B7A779F000D767F /* GenreInterfaces.swift */; };
		E9D05BE22B7A779F000D767F /* GenrePresenter.swift in Sources */ = {isa = PBXBuildFile; fileRef = E9D05BDC2B7A779F000D767F /* GenrePresenter.swift */; };
		E9D05BE32B7A779F000D767F /* GenreViewController.swift in Sources */ = {isa = PBXBuildFile; fileRef = E9D05BDD2B7A779F000D767F /* GenreViewController.swift */; };
		E9D05BE42B7A779F000D767F /* GenreInteractor.swift in Sources */ = {isa = PBXBuildFile; fileRef = E9D05BDE2B7A779F000D767F /* GenreInteractor.swift */; };
		E9D05BE62B7A779F000D767F /* GenreWireframe.swift in Sources */ = {isa = PBXBuildFile; fileRef = E9D05BE02B7A779F000D767F /* GenreWireframe.swift */; };
		E9D05BEA2B7A7DDD000D767F /* GenreViewController.xib in Resources */ = {isa = PBXBuildFile; fileRef = E9D05BE82B7A7DDD000D767F /* GenreViewController.xib */; };
		E9D05BF22B7A7E89000D767F /* BaseWireframe.swift in Sources */ = {isa = PBXBuildFile; fileRef = E9D05BEC2B7A7E89000D767F /* BaseWireframe.swift */; };
		E9D05BF32B7A7E89000D767F /* FormatterInterface.swift in Sources */ = {isa = PBXBuildFile; fileRef = E9D05BED2B7A7E89000D767F /* FormatterInterface.swift */; };
		E9D05BF42B7A7E89000D767F /* UIStoryboardExtension.swift in Sources */ = {isa = PBXBuildFile; fileRef = E9D05BEE2B7A7E89000D767F /* UIStoryboardExtension.swift */; };
		E9D05BF52B7A7E89000D767F /* PresenterInterface.swift in Sources */ = {isa = PBXBuildFile; fileRef = E9D05BEF2B7A7E89000D767F /* PresenterInterface.swift */; };
		E9D05BF62B7A7E89000D767F /* ViewInterface.swift in Sources */ = {isa = PBXBuildFile; fileRef = E9D05BF02B7A7E89000D767F /* ViewInterface.swift */; };
		E9D05BF72B7A7E89000D767F /* InteractorInterface.swift in Sources */ = {isa = PBXBuildFile; fileRef = E9D05BF12B7A7E89000D767F /* InteractorInterface.swift */; };
		E9D05BF92B7A87FC000D767F /* APIConstants.swift in Sources */ = {isa = PBXBuildFile; fileRef = E9D05BF82B7A87FC000D767F /* APIConstants.swift */; };
/* End PBXBuildFile section */

/* Begin PBXFileReference section */
		E968FF742B7A918E00B2AAA8 /* Genre.swift */ = {isa = PBXFileReference; lastKnownFileType = sourcecode.swift; path = Genre.swift; sourceTree = "<group>"; };
		E9D05B532B7A2073000D767F /* Makdempu Movie.app */ = {isa = PBXFileReference; explicitFileType = wrapper.application; includeInIndex = 0; path = "Makdempu Movie.app"; sourceTree = BUILT_PRODUCTS_DIR; };
		E9D05B562B7A2073000D767F /* AppDelegate.swift */ = {isa = PBXFileReference; lastKnownFileType = sourcecode.swift; path = AppDelegate.swift; sourceTree = "<group>"; };
		E9D05B582B7A2073000D767F /* SceneDelegate.swift */ = {isa = PBXFileReference; lastKnownFileType = sourcecode.swift; path = SceneDelegate.swift; sourceTree = "<group>"; };
		E9D05B5A2B7A2073000D767F /* ViewController.swift */ = {isa = PBXFileReference; lastKnownFileType = sourcecode.swift; path = ViewController.swift; sourceTree = "<group>"; };
		E9D05B5F2B7A2075000D767F /* Assets.xcassets */ = {isa = PBXFileReference; lastKnownFileType = folder.assetcatalog; path = Assets.xcassets; sourceTree = "<group>"; };
		E9D05B622B7A2075000D767F /* Base */ = {isa = PBXFileReference; lastKnownFileType = file.storyboard; name = Base; path = Base.lproj/LaunchScreen.storyboard; sourceTree = "<group>"; };
		E9D05B642B7A2075000D767F /* Info.plist */ = {isa = PBXFileReference; lastKnownFileType = text.plist.xml; path = Info.plist; sourceTree = "<group>"; };
		E9D05B782B7A421D000D767F /* DashboardViewController.xib */ = {isa = PBXFileReference; lastKnownFileType = file.xib; path = DashboardViewController.xib; sourceTree = "<group>"; };
		E9D05BCF2B7A7655000D767F /* DashboardInterfaces.swift */ = {isa = PBXFileReference; lastKnownFileType = sourcecode.swift; path = DashboardInterfaces.swift; sourceTree = "<group>"; };
		E9D05BD02B7A7655000D767F /* DashboardPresenter.swift */ = {isa = PBXFileReference; lastKnownFileType = sourcecode.swift; path = DashboardPresenter.swift; sourceTree = "<group>"; };
		E9D05BD12B7A7655000D767F /* DashboardViewController.swift */ = {isa = PBXFileReference; lastKnownFileType = sourcecode.swift; path = DashboardViewController.swift; sourceTree = "<group>"; };
		E9D05BD22B7A7655000D767F /* DashboardInteractor.swift */ = {isa = PBXFileReference; lastKnownFileType = sourcecode.swift; path = DashboardInteractor.swift; sourceTree = "<group>"; };
		E9D05BD42B7A7655000D767F /* DashboardWireframe.swift */ = {isa = PBXFileReference; lastKnownFileType = sourcecode.swift; path = DashboardWireframe.swift; sourceTree = "<group>"; };
		E9D05BDB2B7A779F000D767F /* GenreInterfaces.swift */ = {isa = PBXFileReference; lastKnownFileType = sourcecode.swift; path = GenreInterfaces.swift; sourceTree = "<group>"; };
		E9D05BDC2B7A779F000D767F /* GenrePresenter.swift */ = {isa = PBXFileReference; lastKnownFileType = sourcecode.swift; path = GenrePresenter.swift; sourceTree = "<group>"; };
		E9D05BDD2B7A779F000D767F /* GenreViewController.swift */ = {isa = PBXFileReference; lastKnownFileType = sourcecode.swift; path = GenreViewController.swift; sourceTree = "<group>"; };
		E9D05BDE2B7A779F000D767F /* GenreInteractor.swift */ = {isa = PBXFileReference; lastKnownFileType = sourcecode.swift; path = GenreInteractor.swift; sourceTree = "<group>"; };
		E9D05BE02B7A779F000D767F /* GenreWireframe.swift */ = {isa = PBXFileReference; lastKnownFileType = sourcecode.swift; path = GenreWireframe.swift; sourceTree = "<group>"; };
		E9D05BE82B7A7DDD000D767F /* GenreViewController.xib */ = {isa = PBXFileReference; lastKnownFileType = file.xib; path = GenreViewController.xib; sourceTree = "<group>"; };
		E9D05BEC2B7A7E89000D767F /* BaseWireframe.swift */ = {isa = PBXFileReference; lastKnownFileType = sourcecode.swift; path = BaseWireframe.swift; sourceTree = "<group>"; };
		E9D05BED2B7A7E89000D767F /* FormatterInterface.swift */ = {isa = PBXFileReference; lastKnownFileType = sourcecode.swift; path = FormatterInterface.swift; sourceTree = "<group>"; };
		E9D05BEE2B7A7E89000D767F /* UIStoryboardExtension.swift */ = {isa = PBXFileReference; lastKnownFileType = sourcecode.swift; path = UIStoryboardExtension.swift; sourceTree = "<group>"; };
		E9D05BEF2B7A7E89000D767F /* PresenterInterface.swift */ = {isa = PBXFileReference; lastKnownFileType = sourcecode.swift; path = PresenterInterface.swift; sourceTree = "<group>"; };
		E9D05BF02B7A7E89000D767F /* ViewInterface.swift */ = {isa = PBXFileReference; lastKnownFileType = sourcecode.swift; path = ViewInterface.swift; sourceTree = "<group>"; };
		E9D05BF12B7A7E89000D767F /* InteractorInterface.swift */ = {isa = PBXFileReference; lastKnownFileType = sourcecode.swift; path = InteractorInterface.swift; sourceTree = "<group>"; };
		E9D05BF82B7A87FC000D767F /* APIConstants.swift */ = {isa = PBXFileReference; lastKnownFileType = sourcecode.swift; path = APIConstants.swift; sourceTree = "<group>"; };
/* End PBXFileReference section */

/* Begin PBXFrameworksBuildPhase section */
		E9D05B502B7A2073000D767F /* Frameworks */ = {
			isa = PBXFrameworksBuildPhase;
			buildActionMask = 2147483647;
			files = (
			);
			runOnlyForDeploymentPostprocessing = 0;
		};
/* End PBXFrameworksBuildPhase section */

/* Begin PBXGroup section */
		E9D05B4A2B7A2073000D767F = {
			isa = PBXGroup;
			children = (
				E9D05B552B7A2073000D767F /* Makdempu Movie */,
				E9D05B542B7A2073000D767F /* Products */,
			);
			sourceTree = "<group>";
		};
		E9D05B542B7A2073000D767F /* Products */ = {
			isa = PBXGroup;
			children = (
				E9D05B532B7A2073000D767F /* Makdempu Movie.app */,
			);
			name = Products;
			sourceTree = "<group>";
		};
		E9D05B552B7A2073000D767F /* Makdempu Movie */ = {
			isa = PBXGroup;
			children = (
				E9D05BEB2B7A7E6C000D767F /* VIPER */,
				E9D05B642B7A2075000D767F /* Info.plist */,
				E9D05B562B7A2073000D767F /* AppDelegate.swift */,
				E9D05B582B7A2073000D767F /* SceneDelegate.swift */,
				E9D05B5A2B7A2073000D767F /* ViewController.swift */,
				E9D05B5F2B7A2075000D767F /* Assets.xcassets */,
				E9D05B6F2B7A390D000D767F /* Entity */,
				E9D05B612B7A2075000D767F /* LaunchScreen.storyboard */,
				E9D05B702B7A3926000D767F /* Module */,
				E9D05BF82B7A87FC000D767F /* APIConstants.swift */,
			);
			path = "Makdempu Movie";
			sourceTree = "<group>";
		};
		E9D05B6A2B7A2300000D767F /* Genre */ = {
			isa = PBXGroup;
			children = (
				E9D05BDE2B7A779F000D767F /* GenreInteractor.swift */,
				E9D05BDB2B7A779F000D767F /* GenreInterfaces.swift */,
				E9D05BDC2B7A779F000D767F /* GenrePresenter.swift */,
				E9D05BDD2B7A779F000D767F /* GenreViewController.swift */,
				E9D05BE82B7A7DDD000D767F /* GenreViewController.xib */,
				E9D05BE02B7A779F000D767F /* GenreWireframe.swift */,
			);
			path = Genre;
			sourceTree = "<group>";
		};
		E9D05B6F2B7A390D000D767F /* Entity */ = {
			isa = PBXGroup;
			children = (
				E968FF742B7A918E00B2AAA8 /* Genre.swift */,
			);
			path = Entity;
			sourceTree = "<group>";
		};
		E9D05B702B7A3926000D767F /* Module */ = {
			isa = PBXGroup;
			children = (
				E9D05B762B7A3A56000D767F /* Review */,
				E9D05B752B7A3A06000D767F /* Movie Detail */,
				E9D05B742B7A39F3000D767F /* Movie List */,
				E9D05B732B7A39EB000D767F /* Dashboard */,
				E9D05B6A2B7A2300000D767F /* Genre */,
			);
			path = Module;
			sourceTree = "<group>";
		};
		E9D05B732B7A39EB000D767F /* Dashboard */ = {
			isa = PBXGroup;
			children = (
				E9D05BD22B7A7655000D767F /* DashboardInteractor.swift */,
				E9D05BCF2B7A7655000D767F /* DashboardInterfaces.swift */,
				E9D05BD02B7A7655000D767F /* DashboardPresenter.swift */,
				E9D05BD12B7A7655000D767F /* DashboardViewController.swift */,
				E9D05B782B7A421D000D767F /* DashboardViewController.xib */,
				E9D05BD42B7A7655000D767F /* DashboardWireframe.swift */,
			);
			path = Dashboard;
			sourceTree = "<group>";
		};
		E9D05B742B7A39F3000D767F /* Movie List */ = {
			isa = PBXGroup;
			children = (
			);
			path = "Movie List";
			sourceTree = "<group>";
		};
		E9D05B752B7A3A06000D767F /* Movie Detail */ = {
			isa = PBXGroup;
			children = (
			);
			path = "Movie Detail";
			sourceTree = "<group>";
		};
		E9D05B762B7A3A56000D767F /* Review */ = {
			isa = PBXGroup;
			children = (
			);
			path = Review;
			sourceTree = "<group>";
		};
		E9D05BEB2B7A7E6C000D767F /* VIPER */ = {
			isa = PBXGroup;
			children = (
				E9D05BEC2B7A7E89000D767F /* BaseWireframe.swift */,
				E9D05BED2B7A7E89000D767F /* FormatterInterface.swift */,
				E9D05BEE2B7A7E89000D767F /* UIStoryboardExtension.swift */,
				E9D05BEF2B7A7E89000D767F /* PresenterInterface.swift */,
				E9D05BF02B7A7E89000D767F /* ViewInterface.swift */,
				E9D05BF12B7A7E89000D767F /* InteractorInterface.swift */,
			);
			path = VIPER;
			sourceTree = "<group>";
		};
/* End PBXGroup section */

/* Begin PBXNativeTarget section */
		E9D05B522B7A2073000D767F /* Makdempu Movie */ = {
			isa = PBXNativeTarget;
			buildConfigurationList = E9D05B672B7A2075000D767F /* Build configuration list for PBXNativeTarget "Makdempu Movie" */;
			buildPhases = (
				E9D05B4F2B7A2073000D767F /* Sources */,
				E9D05B502B7A2073000D767F /* Frameworks */,
				E9D05B512B7A2073000D767F /* Resources */,
			);
			buildRules = (
			);
			dependencies = (
			);
			name = "Makdempu Movie";
			productName = "Makdempu Movie";
			productReference = E9D05B532B7A2073000D767F /* Makdempu Movie.app */;
			productType = "com.apple.product-type.application";
		};
/* End PBXNativeTarget section */

/* Begin PBXProject section */
		E9D05B4B2B7A2073000D767F /* Project object */ = {
			isa = PBXProject;
			attributes = {
				BuildIndependentTargetsInParallel = 1;
				LastSwiftUpdateCheck = 1520;
				LastUpgradeCheck = 1520;
				TargetAttributes = {
					E9D05B522B7A2073000D767F = {
						CreatedOnToolsVersion = 15.2;
					};
				};
			};
			buildConfigurationList = E9D05B4E2B7A2073000D767F /* Build configuration list for PBXProject "Makdempu Movie" */;
			compatibilityVersion = "Xcode 14.0";
			developmentRegion = en;
			hasScannedForEncodings = 0;
			knownRegions = (
				en,
				Base,
			);
			mainGroup = E9D05B4A2B7A2073000D767F;
			productRefGroup = E9D05B542B7A2073000D767F /* Products */;
			projectDirPath = "";
			projectRoot = "";
			targets = (
				E9D05B522B7A2073000D767F /* Makdempu Movie */,
			);
		};
/* End PBXProject section */

/* Begin PBXResourcesBuildPhase section */
		E9D05B512B7A2073000D767F /* Resources */ = {
			isa = PBXResourcesBuildPhase;
			buildActionMask = 2147483647;
			files = (
				E9D05B632B7A2075000D767F /* LaunchScreen.storyboard in Resources */,
				E9D05B7A2B7A421D000D767F /* DashboardViewController.xib in Resources */,
				E9D05BEA2B7A7DDD000D767F /* GenreViewController.xib in Resources */,
				E9D05B602B7A2075000D767F /* Assets.xcassets in Resources */,
			);
			runOnlyForDeploymentPostprocessing = 0;
		};
/* End PBXResourcesBuildPhase section */

/* Begin PBXSourcesBuildPhase section */
		E9D05B4F2B7A2073000D767F /* Sources */ = {
			isa = PBXSourcesBuildPhase;
			buildActionMask = 2147483647;
			files = (
				E9D05BF32B7A7E89000D767F /* FormatterInterface.swift in Sources */,
				E9D05BE32B7A779F000D767F /* GenreViewController.swift in Sources */,
				E9D05B5B2B7A2073000D767F /* ViewController.swift in Sources */,
				E9D05BF22B7A7E89000D767F /* BaseWireframe.swift in Sources */,
				E9D05BF72B7A7E89000D767F /* InteractorInterface.swift in Sources */,
				E9D05BE62B7A779F000D767F /* GenreWireframe.swift in Sources */,
				E9D05BD72B7A7655000D767F /* DashboardViewController.swift in Sources */,
				E968FF752B7A918E00B2AAA8 /* Genre.swift in Sources */,
				E9D05BD62B7A7655000D767F /* DashboardPresenter.swift in Sources */,
				E9D05BF92B7A87FC000D767F /* APIConstants.swift in Sources */,
				E9D05BF52B7A7E89000D767F /* PresenterInterface.swift in Sources */,
				E9D05BE12B7A779F000D767F /* GenreInterfaces.swift in Sources */,
				E9D05B572B7A2073000D767F /* AppDelegate.swift in Sources */,
				E9D05BF62B7A7E89000D767F /* ViewInterface.swift in Sources */,
				E9D05BD82B7A7655000D767F /* DashboardInteractor.swift in Sources */,
				E9D05BD52B7A7655000D767F /* DashboardInterfaces.swift in Sources */,
				E9D05BF42B7A7E89000D767F /* UIStoryboardExtension.swift in Sources */,
				E9D05BDA2B7A7655000D767F /* DashboardWireframe.swift in Sources */,
				E9D05B592B7A2073000D767F /* SceneDelegate.swift in Sources */,
				E9D05BE42B7A779F000D767F /* GenreInteractor.swift in Sources */,
				E9D05BE22B7A779F000D767F /* GenrePresenter.swift in Sources */,
			);
			runOnlyForDeploymentPostprocessing = 0;
		};
/* End PBXSourcesBuildPhase section */

/* Begin PBXVariantGroup section */
		E9D05B612B7A2075000D767F /* LaunchScreen.storyboard */ = {
			isa = PBXVariantGroup;
			children = (
				E9D05B622B7A2075000D767F /* Base */,
			);
			name = LaunchScreen.storyboard;
			sourceTree = "<group>";
		};
/* End PBXVariantGroup section */

/* Begin XCBuildConfiguration section */
		E9D05B652B7A2075000D767F /* Debug */ = {
			isa = XCBuildConfiguration;
			buildSettings = {
				ALWAYS_SEARCH_USER_PATHS = NO;
				ASSETCATALOG_COMPILER_GENERATE_SWIFT_ASSET_SYMBOL_EXTENSIONS = YES;
				CLANG_ANALYZER_NONNULL = YES;
				CLANG_ANALYZER_NUMBER_OBJECT_CONVERSION = YES_AGGRESSIVE;
				CLANG_CXX_LANGUAGE_STANDARD = "gnu++20";
				CLANG_ENABLE_MODULES = YES;
				CLANG_ENABLE_OBJC_ARC = YES;
				CLANG_ENABLE_OBJC_WEAK = YES;
				CLANG_WARN_BLOCK_CAPTURE_AUTORELEASING = YES;
				CLANG_WARN_BOOL_CONVERSION = YES;
				CLANG_WARN_COMMA = YES;
				CLANG_WARN_CONSTANT_CONVERSION = YES;
				CLANG_WARN_DEPRECATED_OBJC_IMPLEMENTATIONS = YES;
				CLANG_WARN_DIRECT_OBJC_ISA_USAGE = YES_ERROR;
				CLANG_WARN_DOCUMENTATION_COMMENTS = YES;
				CLANG_WARN_EMPTY_BODY = YES;
				CLANG_WARN_ENUM_CONVERSION = YES;
				CLANG_WARN_INFINITE_RECURSION = YES;
				CLANG_WARN_INT_CONVERSION = YES;
				CLANG_WARN_NON_LITERAL_NULL_CONVERSION = YES;
				CLANG_WARN_OBJC_IMPLICIT_RETAIN_SELF = YES;
				CLANG_WARN_OBJC_LITERAL_CONVERSION = YES;
				CLANG_WARN_OBJC_ROOT_CLASS = YES_ERROR;
				CLANG_WARN_QUOTED_INCLUDE_IN_FRAMEWORK_HEADER = YES;
				CLANG_WARN_RANGE_LOOP_ANALYSIS = YES;
				CLANG_WARN_STRICT_PROTOTYPES = YES;
				CLANG_WARN_SUSPICIOUS_MOVE = YES;
				CLANG_WARN_UNGUARDED_AVAILABILITY = YES_AGGRESSIVE;
				CLANG_WARN_UNREACHABLE_CODE = YES;
				CLANG_WARN__DUPLICATE_METHOD_MATCH = YES;
				COPY_PHASE_STRIP = NO;
				DEBUG_INFORMATION_FORMAT = dwarf;
				ENABLE_STRICT_OBJC_MSGSEND = YES;
				ENABLE_TESTABILITY = YES;
				ENABLE_USER_SCRIPT_SANDBOXING = YES;
				GCC_C_LANGUAGE_STANDARD = gnu17;
				GCC_DYNAMIC_NO_PIC = NO;
				GCC_NO_COMMON_BLOCKS = YES;
				GCC_OPTIMIZATION_LEVEL = 0;
				GCC_PREPROCESSOR_DEFINITIONS = (
					"DEBUG=1",
					"$(inherited)",
				);
				GCC_WARN_64_TO_32_BIT_CONVERSION = YES;
				GCC_WARN_ABOUT_RETURN_TYPE = YES_ERROR;
				GCC_WARN_UNDECLARED_SELECTOR = YES;
				GCC_WARN_UNINITIALIZED_AUTOS = YES_AGGRESSIVE;
				GCC_WARN_UNUSED_FUNCTION = YES;
				GCC_WARN_UNUSED_VARIABLE = YES;
				IPHONEOS_DEPLOYMENT_TARGET = 17.2;
				LOCALIZATION_PREFERS_STRING_CATALOGS = YES;
				MTL_ENABLE_DEBUG_INFO = INCLUDE_SOURCE;
				MTL_FAST_MATH = YES;
				ONLY_ACTIVE_ARCH = YES;
				SDKROOT = iphoneos;
				SWIFT_ACTIVE_COMPILATION_CONDITIONS = "DEBUG $(inherited)";
				SWIFT_OPTIMIZATION_LEVEL = "-Onone";
			};
			name = Debug;
		};
		E9D05B662B7A2075000D767F /* Release */ = {
			isa = XCBuildConfiguration;
			buildSettings = {
				ALWAYS_SEARCH_USER_PATHS = NO;
				ASSETCATALOG_COMPILER_GENERATE_SWIFT_ASSET_SYMBOL_EXTENSIONS = YES;
				CLANG_ANALYZER_NONNULL = YES;
				CLANG_ANALYZER_NUMBER_OBJECT_CONVERSION = YES_AGGRESSIVE;
				CLANG_CXX_LANGUAGE_STANDARD = "gnu++20";
				CLANG_ENABLE_MODULES = YES;
				CLANG_ENABLE_OBJC_ARC = YES;
				CLANG_ENABLE_OBJC_WEAK = YES;
				CLANG_WARN_BLOCK_CAPTURE_AUTORELEASING = YES;
				CLANG_WARN_BOOL_CONVERSION = YES;
				CLANG_WARN_COMMA = YES;
				CLANG_WARN_CONSTANT_CONVERSION = YES;
				CLANG_WARN_DEPRECATED_OBJC_IMPLEMENTATIONS = YES;
				CLANG_WARN_DIRECT_OBJC_ISA_USAGE = YES_ERROR;
				CLANG_WARN_DOCUMENTATION_COMMENTS = YES;
				CLANG_WARN_EMPTY_BODY = YES;
				CLANG_WARN_ENUM_CONVERSION = YES;
				CLANG_WARN_INFINITE_RECURSION = YES;
				CLANG_WARN_INT_CONVERSION = YES;
				CLANG_WARN_NON_LITERAL_NULL_CONVERSION = YES;
				CLANG_WARN_OBJC_IMPLICIT_RETAIN_SELF = YES;
				CLANG_WARN_OBJC_LITERAL_CONVERSION = YES;
				CLANG_WARN_OBJC_ROOT_CLASS = YES_ERROR;
				CLANG_WARN_QUOTED_INCLUDE_IN_FRAMEWORK_HEADER = YES;
				CLANG_WARN_RANGE_LOOP_ANALYSIS = YES;
				CLANG_WARN_STRICT_PROTOTYPES = YES;
				CLANG_WARN_SUSPICIOUS_MOVE = YES;
				CLANG_WARN_UNGUARDED_AVAILABILITY = YES_AGGRESSIVE;
				CLANG_WARN_UNREACHABLE_CODE = YES;
				CLANG_WARN__DUPLICATE_METHOD_MATCH = YES;
				COPY_PHASE_STRIP = NO;
				DEBUG_INFORMATION_FORMAT = "dwarf-with-dsym";
				ENABLE_NS_ASSERTIONS = NO;
				ENABLE_STRICT_OBJC_MSGSEND = YES;
				ENABLE_USER_SCRIPT_SANDBOXING = YES;
				GCC_C_LANGUAGE_STANDARD = gnu17;
				GCC_NO_COMMON_BLOCKS = YES;
				GCC_WARN_64_TO_32_BIT_CONVERSION = YES;
				GCC_WARN_ABOUT_RETURN_TYPE = YES_ERROR;
				GCC_WARN_UNDECLARED_SELECTOR = YES;
				GCC_WARN_UNINITIALIZED_AUTOS = YES_AGGRESSIVE;
				GCC_WARN_UNUSED_FUNCTION = YES;
				GCC_WARN_UNUSED_VARIABLE = YES;
				IPHONEOS_DEPLOYMENT_TARGET = 17.2;
				LOCALIZATION_PREFERS_STRING_CATALOGS = YES;
				MTL_ENABLE_DEBUG_INFO = NO;
				MTL_FAST_MATH = YES;
				SDKROOT = iphoneos;
				SWIFT_COMPILATION_MODE = wholemodule;
				VALIDATE_PRODUCT = YES;
			};
			name = Release;
		};
		E9D05B682B7A2075000D767F /* Debug */ = {
			isa = XCBuildConfiguration;
			buildSettings = {
				ASSETCATALOG_COMPILER_APPICON_NAME = AppIcon;
				ASSETCATALOG_COMPILER_GLOBAL_ACCENT_COLOR_NAME = AccentColor;
				CODE_SIGN_STYLE = Automatic;
				CURRENT_PROJECT_VERSION = 1;
				GENERATE_INFOPLIST_FILE = YES;
				INFOPLIST_FILE = "Makdempu Movie/Info.plist";
				INFOPLIST_KEY_UIApplicationSupportsIndirectInputEvents = YES;
				INFOPLIST_KEY_UILaunchStoryboardName = LaunchScreen;
				INFOPLIST_KEY_UIMainStoryboardFile = "";
				INFOPLIST_KEY_UISupportedInterfaceOrientations_iPad = "UIInterfaceOrientationPortrait UIInterfaceOrientationPortraitUpsideDown UIInterfaceOrientationLandscapeLeft UIInterfaceOrientationLandscapeRight";
				INFOPLIST_KEY_UISupportedInterfaceOrientations_iPhone = "UIInterfaceOrientationPortrait UIInterfaceOrientationLandscapeLeft UIInterfaceOrientationLandscapeRight";
				LD_RUNPATH_SEARCH_PATHS = (
					"$(inherited)",
					"@executable_path/Frameworks",
				);
				MARKETING_VERSION = 1.0;
				PRODUCT_BUNDLE_IDENTIFIER = "com.makdempu.Makdempu-Movie";
				PRODUCT_NAME = "$(TARGET_NAME)";
				SWIFT_EMIT_LOC_STRINGS = YES;
				SWIFT_VERSION = 5.0;
				TARGETED_DEVICE_FAMILY = "1,2";
			};
			name = Debug;
		};
		E9D05B692B7A2075000D767F /* Release */ = {
			isa = XCBuildConfiguration;
			buildSettings = {
				ASSETCATALOG_COMPILER_APPICON_NAME = AppIcon;
				ASSETCATALOG_COMPILER_GLOBAL_ACCENT_COLOR_NAME = AccentColor;
				CODE_SIGN_STYLE = Automatic;
				CURRENT_PROJECT_VERSION = 1;
				GENERATE_INFOPLIST_FILE = YES;
				INFOPLIST_FILE = "Makdempu Movie/Info.plist";
				INFOPLIST_KEY_UIApplicationSupportsIndirectInputEvents = YES;
				INFOPLIST_KEY_UILaunchStoryboardName = LaunchScreen;
				INFOPLIST_KEY_UIMainStoryboardFile = "";
				INFOPLIST_KEY_UISupportedInterfaceOrientations_iPad = "UIInterfaceOrientationPortrait UIInterfaceOrientationPortraitUpsideDown UIInterfaceOrientationLandscapeLeft UIInterfaceOrientationLandscapeRight";
				INFOPLIST_KEY_UISupportedInterfaceOrientations_iPhone = "UIInterfaceOrientationPortrait UIInterfaceOrientationLandscapeLeft UIInterfaceOrientationLandscapeRight";
				LD_RUNPATH_SEARCH_PATHS = (
					"$(inherited)",
					"@executable_path/Frameworks",
				);
				MARKETING_VERSION = 1.0;
				PRODUCT_BUNDLE_IDENTIFIER = "com.makdempu.Makdempu-Movie";
				PRODUCT_NAME = "$(TARGET_NAME)";
				SWIFT_EMIT_LOC_STRINGS = YES;
				SWIFT_VERSION = 5.0;
				TARGETED_DEVICE_FAMILY = "1,2";
			};
			name = Release;
		};
/* End XCBuildConfiguration section */

/* Begin XCConfigurationList section */
		E9D05B4E2B7A2073000D767F /* Build configuration list for PBXProject "Makdempu Movie" */ = {
			isa = XCConfigurationList;
			buildConfigurations = (
				E9D05B652B7A2075000D767F /* Debug */,
				E9D05B662B7A2075000D767F /* Release */,
			);
			defaultConfigurationIsVisible = 0;
			defaultConfigurationName = Release;
		};
		E9D05B672B7A2075000D767F /* Build configuration list for PBXNativeTarget "Makdempu Movie" */ = {
			isa = XCConfigurationList;
			buildConfigurations = (
				E9D05B682B7A2075000D767F /* Debug */,
				E9D05B692B7A2075000D767F /* Release */,
			);
			defaultConfigurationIsVisible = 0;
			defaultConfigurationName = Release;
		};
/* End XCConfigurationList section */
	};
	rootObject = E9D05B4B2B7A2073000D767F /* Project object */;
}
